// !$*UTF8*$!
{
	archiveVersion = 1;
	classes = {
	};
	objectVersion = 56;
	objects = {

/* Begin PBXBuildFile section */
		F1019C362A093E390098FF3C /* CornerRadius.swift in Sources */ = {isa = PBXBuildFile; fileRef = F1019C352A093E390098FF3C /* CornerRadius.swift */; };
		F1019C382A0946230098FF3C /* TabBarView.swift in Sources */ = {isa = PBXBuildFile; fileRef = F1019C372A0946230098FF3C /* TabBarView.swift */; };
		F1019C3A2A0946E50098FF3C /* HeightSize.swift in Sources */ = {isa = PBXBuildFile; fileRef = F1019C392A0946E50098FF3C /* HeightSize.swift */; };
		F1019C3C2A0947E40098FF3C /* DurationConstants.swift in Sources */ = {isa = PBXBuildFile; fileRef = F1019C3B2A0947E40098FF3C /* DurationConstants.swift */; };
		F1019C3E2A0948D00098FF3C /* CategoryView.swift in Sources */ = {isa = PBXBuildFile; fileRef = F1019C3D2A0948D00098FF3C /* CategoryView.swift */; };
		F1019C402A0948E10098FF3C /* FavoriteListView.swift in Sources */ = {isa = PBXBuildFile; fileRef = F1019C3F2A0948E10098FF3C /* FavoriteListView.swift */; };
		F1019C422A09492C0098FF3C /* ScaleConstants.swift in Sources */ = {isa = PBXBuildFile; fileRef = F1019C412A09492C0098FF3C /* ScaleConstants.swift */; };
		F1019C442A0949880098FF3C /* ColorConstants.swift in Sources */ = {isa = PBXBuildFile; fileRef = F1019C432A0949880098FF3C /* ColorConstants.swift */; };
		F1019C472A094DA30098FF3C /* Alamofire in Frameworks */ = {isa = PBXBuildFile; productRef = F1019C462A094DA30098FF3C /* Alamofire */; };
		F1019C4A2A094EC30098FF3C /* CategoryModel.swift in Sources */ = {isa = PBXBuildFile; fileRef = F1019C492A094EC30098FF3C /* CategoryModel.swift */; };
		F1019C4D2A094FE80098FF3C /* CategoryService.swift in Sources */ = {isa = PBXBuildFile; fileRef = F1019C4C2A094FE80098FF3C /* CategoryService.swift */; };
		F1019C512A0950A10098FF3C /* StringConstants.swift in Sources */ = {isa = PBXBuildFile; fileRef = F1019C502A0950A10098FF3C /* StringConstants.swift */; };
		F1019C532A0951100098FF3C /* Logging+AFError.swift in Sources */ = {isa = PBXBuildFile; fileRef = F1019C522A0951100098FF3C /* Logging+AFError.swift */; };
		F1019C562A0951470098FF3C /* CategoryViewModel.swift in Sources */ = {isa = PBXBuildFile; fileRef = F1019C552A0951470098FF3C /* CategoryViewModel.swift */; };
		F1019C592A0953430098FF3C /* Logging in Frameworks */ = {isa = PBXBuildFile; productRef = F1019C582A0953430098FF3C /* Logging */; };
		F1019C5D2A0998FB0098FF3C /* CircleProgressView.swift in Sources */ = {isa = PBXBuildFile; fileRef = F1019C5C2A0998FB0098FF3C /* CircleProgressView.swift */; };
		F1019C5F2A099D180098FF3C /* LocaleKeys.swift in Sources */ = {isa = PBXBuildFile; fileRef = F1019C5E2A099D180098FF3C /* LocaleKeys.swift */; };
		F1019C612A099D8D0098FF3C /* String+ToLocalize.swift in Sources */ = {isa = PBXBuildFile; fileRef = F1019C602A099D8D0098FF3C /* String+ToLocalize.swift */; };
		F1019C642A09A6EF0098FF3C /* Title3BoldPinkText.swift in Sources */ = {isa = PBXBuildFile; fileRef = F1019C632A09A6EF0098FF3C /* Title3BoldPinkText.swift */; };
		F1019C672A09A8280098FF3C /* Kingfisher in Frameworks */ = {isa = PBXBuildFile; productRef = F1019C662A09A8280098FF3C /* Kingfisher */; };
		F11B40982A09242E00218869 /* AppcentDeezerCaseApp.swift in Sources */ = {isa = PBXBuildFile; fileRef = F11B40972A09242E00218869 /* AppcentDeezerCaseApp.swift */; };
		F11B409C2A09242F00218869 /* Assets.xcassets in Resources */ = {isa = PBXBuildFile; fileRef = F11B409B2A09242F00218869 /* Assets.xcassets */; };
		F11B40A02A09242F00218869 /* Preview Assets.xcassets in Resources */ = {isa = PBXBuildFile; fileRef = F11B409F2A09242F00218869 /* Preview Assets.xcassets */; };
		F11BDB792A09B1B200D94977 /* SpecificCorners+CornerRadius.swift in Sources */ = {isa = PBXBuildFile; fileRef = F11BDB782A09B1B200D94977 /* SpecificCorners+CornerRadius.swift */; };
		F1AA46902A0B02BA00CBA32E /* PaddingConstants.swift in Sources */ = {isa = PBXBuildFile; fileRef = F1AA468F2A0B02BA00CBA32E /* PaddingConstants.swift */; };
		F1AA46922A0B03AB00CBA32E /* SpacerConstants.swift in Sources */ = {isa = PBXBuildFile; fileRef = F1AA46912A0B03AB00CBA32E /* SpacerConstants.swift */; };
		F1AA46942A0B071D00CBA32E /* WidthSize.swift in Sources */ = {isa = PBXBuildFile; fileRef = F1AA46932A0B071D00CBA32E /* WidthSize.swift */; };
		F1AA46972A0B07E900CBA32E /* RoundedRectangleView.swift in Sources */ = {isa = PBXBuildFile; fileRef = F1AA46962A0B07E900CBA32E /* RoundedRectangleView.swift */; };
		F1AA469A2A0B083B00CBA32E /* ImageView.swift in Sources */ = {isa = PBXBuildFile; fileRef = F1AA46992A0B083B00CBA32E /* ImageView.swift */; };
		F1AA469C2A0B09C800CBA32E /* RectangleImageView.swift in Sources */ = {isa = PBXBuildFile; fileRef = F1AA469B2A0B09C800CBA32E /* RectangleImageView.swift */; };
		F1AA469E2A0B0B7200CBA32E /* SpacingConstants.swift in Sources */ = {isa = PBXBuildFile; fileRef = F1AA469D2A0B0B7200CBA32E /* SpacingConstants.swift */; };
		F1FAF4732A09275A00C129F8 /* DynamicValue+GeometryProxy.swift in Sources */ = {isa = PBXBuildFile; fileRef = F1FAF4722A09275A00C129F8 /* DynamicValue+GeometryProxy.swift */; };
		F1FAF4772A0927A600C129F8 /* Localizable.strings in Resources */ = {isa = PBXBuildFile; fileRef = F1FAF4792A0927A600C129F8 /* Localizable.strings */; };
		F1FAF47E2A09286300C129F8 /* CustomTabBarView.swift in Sources */ = {isa = PBXBuildFile; fileRef = F1FAF47D2A09286300C129F8 /* CustomTabBarView.swift */; };
		F1FAF4812A092F4800C129F8 /* TabEnum.swift in Sources */ = {isa = PBXBuildFile; fileRef = F1FAF4802A092F4800C129F8 /* TabEnum.swift */; };
/* End PBXBuildFile section */

/* Begin PBXFileReference section */
		F1019C352A093E390098FF3C /* CornerRadius.swift */ = {isa = PBXFileReference; lastKnownFileType = sourcecode.swift; path = CornerRadius.swift; sourceTree = "<group>"; };
		F1019C372A0946230098FF3C /* TabBarView.swift */ = {isa = PBXFileReference; lastKnownFileType = sourcecode.swift; path = TabBarView.swift; sourceTree = "<group>"; };
		F1019C392A0946E50098FF3C /* HeightSize.swift */ = {isa = PBXFileReference; lastKnownFileType = sourcecode.swift; path = HeightSize.swift; sourceTree = "<group>"; };
		F1019C3B2A0947E40098FF3C /* DurationConstants.swift */ = {isa = PBXFileReference; lastKnownFileType = sourcecode.swift; path = DurationConstants.swift; sourceTree = "<group>"; };
		F1019C3D2A0948D00098FF3C /* CategoryView.swift */ = {isa = PBXFileReference; lastKnownFileType = sourcecode.swift; path = CategoryView.swift; sourceTree = "<group>"; };
		F1019C3F2A0948E10098FF3C /* FavoriteListView.swift */ = {isa = PBXFileReference; lastKnownFileType = sourcecode.swift; path = FavoriteListView.swift; sourceTree = "<group>"; };
		F1019C412A09492C0098FF3C /* ScaleConstants.swift */ = {isa = PBXFileReference; lastKnownFileType = sourcecode.swift; path = ScaleConstants.swift; sourceTree = "<group>"; };
		F1019C432A0949880098FF3C /* ColorConstants.swift */ = {isa = PBXFileReference; lastKnownFileType = sourcecode.swift; path = ColorConstants.swift; sourceTree = "<group>"; };
		F1019C492A094EC30098FF3C /* CategoryModel.swift */ = {isa = PBXFileReference; lastKnownFileType = sourcecode.swift; path = CategoryModel.swift; sourceTree = "<group>"; };
		F1019C4C2A094FE80098FF3C /* CategoryService.swift */ = {isa = PBXFileReference; lastKnownFileType = sourcecode.swift; path = CategoryService.swift; sourceTree = "<group>"; };
		F1019C502A0950A10098FF3C /* StringConstants.swift */ = {isa = PBXFileReference; lastKnownFileType = sourcecode.swift; path = StringConstants.swift; sourceTree = "<group>"; };
		F1019C522A0951100098FF3C /* Logging+AFError.swift */ = {isa = PBXFileReference; lastKnownFileType = sourcecode.swift; path = "Logging+AFError.swift"; sourceTree = "<group>"; };
		F1019C552A0951470098FF3C /* CategoryViewModel.swift */ = {isa = PBXFileReference; lastKnownFileType = sourcecode.swift; path = CategoryViewModel.swift; sourceTree = "<group>"; };
		F1019C5C2A0998FB0098FF3C /* CircleProgressView.swift */ = {isa = PBXFileReference; lastKnownFileType = sourcecode.swift; path = CircleProgressView.swift; sourceTree = "<group>"; };
		F1019C5E2A099D180098FF3C /* LocaleKeys.swift */ = {isa = PBXFileReference; lastKnownFileType = sourcecode.swift; path = LocaleKeys.swift; sourceTree = "<group>"; };
		F1019C602A099D8D0098FF3C /* String+ToLocalize.swift */ = {isa = PBXFileReference; lastKnownFileType = sourcecode.swift; path = "String+ToLocalize.swift"; sourceTree = "<group>"; };
		F1019C632A09A6EF0098FF3C /* Title3BoldPinkText.swift */ = {isa = PBXFileReference; lastKnownFileType = sourcecode.swift; path = Title3BoldPinkText.swift; sourceTree = "<group>"; };
		F11B40942A09242E00218869 /* AppcentDeezerCase.app */ = {isa = PBXFileReference; explicitFileType = wrapper.application; includeInIndex = 0; path = AppcentDeezerCase.app; sourceTree = BUILT_PRODUCTS_DIR; };
		F11B40972A09242E00218869 /* AppcentDeezerCaseApp.swift */ = {isa = PBXFileReference; lastKnownFileType = sourcecode.swift; path = AppcentDeezerCaseApp.swift; sourceTree = "<group>"; };
		F11B409B2A09242F00218869 /* Assets.xcassets */ = {isa = PBXFileReference; lastKnownFileType = folder.assetcatalog; path = Assets.xcassets; sourceTree = "<group>"; };
		F11B409D2A09242F00218869 /* AppcentDeezerCase.entitlements */ = {isa = PBXFileReference; lastKnownFileType = text.plist.entitlements; path = AppcentDeezerCase.entitlements; sourceTree = "<group>"; };
		F11B409F2A09242F00218869 /* Preview Assets.xcassets */ = {isa = PBXFileReference; lastKnownFileType = folder.assetcatalog; path = "Preview Assets.xcassets"; sourceTree = "<group>"; };
		F11BDB782A09B1B200D94977 /* SpecificCorners+CornerRadius.swift */ = {isa = PBXFileReference; lastKnownFileType = sourcecode.swift; path = "SpecificCorners+CornerRadius.swift"; sourceTree = "<group>"; };
		F1AA468F2A0B02BA00CBA32E /* PaddingConstants.swift */ = {isa = PBXFileReference; lastKnownFileType = sourcecode.swift; path = PaddingConstants.swift; sourceTree = "<group>"; };
		F1AA46912A0B03AB00CBA32E /* SpacerConstants.swift */ = {isa = PBXFileReference; lastKnownFileType = sourcecode.swift; path = SpacerConstants.swift; sourceTree = "<group>"; };
		F1AA46932A0B071D00CBA32E /* WidthSize.swift */ = {isa = PBXFileReference; lastKnownFileType = sourcecode.swift; path = WidthSize.swift; sourceTree = "<group>"; };
		F1AA46962A0B07E900CBA32E /* RoundedRectangleView.swift */ = {isa = PBXFileReference; lastKnownFileType = sourcecode.swift; path = RoundedRectangleView.swift; sourceTree = "<group>"; };
		F1AA46992A0B083B00CBA32E /* ImageView.swift */ = {isa = PBXFileReference; lastKnownFileType = sourcecode.swift; path = ImageView.swift; sourceTree = "<group>"; };
		F1AA469B2A0B09C800CBA32E /* RectangleImageView.swift */ = {isa = PBXFileReference; lastKnownFileType = sourcecode.swift; path = RectangleImageView.swift; sourceTree = "<group>"; };
		F1AA469D2A0B0B7200CBA32E /* SpacingConstants.swift */ = {isa = PBXFileReference; lastKnownFileType = sourcecode.swift; path = SpacingConstants.swift; sourceTree = "<group>"; };
		F1FAF4722A09275A00C129F8 /* DynamicValue+GeometryProxy.swift */ = {isa = PBXFileReference; lastKnownFileType = sourcecode.swift; path = "DynamicValue+GeometryProxy.swift"; sourceTree = "<group>"; };
		F1FAF4782A0927A600C129F8 /* tr */ = {isa = PBXFileReference; lastKnownFileType = text.plist.strings; name = tr; path = tr.lproj/Localizable.strings; sourceTree = "<group>"; };
		F1FAF47D2A09286300C129F8 /* CustomTabBarView.swift */ = {isa = PBXFileReference; lastKnownFileType = sourcecode.swift; path = CustomTabBarView.swift; sourceTree = "<group>"; };
		F1FAF4802A092F4800C129F8 /* TabEnum.swift */ = {isa = PBXFileReference; lastKnownFileType = sourcecode.swift; path = TabEnum.swift; sourceTree = "<group>"; };
/* End PBXFileReference section */

/* Begin PBXFrameworksBuildPhase section */
		F11B40912A09242E00218869 /* Frameworks */ = {
			isa = PBXFrameworksBuildPhase;
			buildActionMask = 2147483647;
			files = (
				F1019C672A09A8280098FF3C /* Kingfisher in Frameworks */,
				F1019C592A0953430098FF3C /* Logging in Frameworks */,
				F1019C472A094DA30098FF3C /* Alamofire in Frameworks */,
			);
			runOnlyForDeploymentPostprocessing = 0;
		};
/* End PBXFrameworksBuildPhase section */

/* Begin PBXGroup section */
		F1019C482A094EB30098FF3C /* Models */ = {
			isa = PBXGroup;
			children = (
				F1019C492A094EC30098FF3C /* CategoryModel.swift */,
			);
			path = Models;
			sourceTree = "<group>";
		};
		F1019C4B2A094EE00098FF3C /* Services */ = {
			isa = PBXGroup;
			children = (
				F1019C4C2A094FE80098FF3C /* CategoryService.swift */,
			);
			path = Services;
			sourceTree = "<group>";
		};
		F1019C542A09512B0098FF3C /* ViewModels */ = {
			isa = PBXGroup;
			children = (
				F1019C552A0951470098FF3C /* CategoryViewModel.swift */,
			);
			path = ViewModels;
			sourceTree = "<group>";
		};
		F1019C5A2A0998C60098FF3C /* Components */ = {
			isa = PBXGroup;
			children = (
				F1AA46982A0B082E00CBA32E /* Image */,
				F1AA46952A0B07A600CBA32E /* Rectangle */,
				F1019C622A09A6CC0098FF3C /* Text */,
				F1019C5B2A0998E60098FF3C /* CircularProgress */,
			);
			path = Components;
			sourceTree = "<group>";
		};
		F1019C5B2A0998E60098FF3C /* CircularProgress */ = {
			isa = PBXGroup;
			children = (
				F1019C5C2A0998FB0098FF3C /* CircleProgressView.swift */,
			);
			path = CircularProgress;
			sourceTree = "<group>";
		};
		F1019C622A09A6CC0098FF3C /* Text */ = {
			isa = PBXGroup;
			children = (
				F1019C632A09A6EF0098FF3C /* Title3BoldPinkText.swift */,
			);
			path = Text;
			sourceTree = "<group>";
		};
		F11B408B2A09242E00218869 = {
			isa = PBXGroup;
			children = (
				F11B40962A09242E00218869 /* AppcentDeezerCase */,
				F11B40952A09242E00218869 /* Products */,
			);
			sourceTree = "<group>";
		};
		F11B40952A09242E00218869 /* Products */ = {
			isa = PBXGroup;
			children = (
				F11B40942A09242E00218869 /* AppcentDeezerCase.app */,
			);
			name = Products;
			sourceTree = "<group>";
		};
		F11B40962A09242E00218869 /* AppcentDeezerCase */ = {
			isa = PBXGroup;
			children = (
				F1FAF46F2A0926A800C129F8 /* Utils */,
				F1FAF46E2A09269B00C129F8 /* Resources */,
				F1FAF46D2A09269300C129F8 /* Products */,
				F1FAF46C2A09268100C129F8 /* Features */,
				F11B40972A09242E00218869 /* AppcentDeezerCaseApp.swift */,
				F11B409B2A09242F00218869 /* Assets.xcassets */,
				F11B409D2A09242F00218869 /* AppcentDeezerCase.entitlements */,
				F11B409E2A09242F00218869 /* Preview Content */,
			);
			path = AppcentDeezerCase;
			sourceTree = "<group>";
		};
		F11B409E2A09242F00218869 /* Preview Content */ = {
			isa = PBXGroup;
			children = (
				F11B409F2A09242F00218869 /* Preview Assets.xcassets */,
			);
			path = "Preview Content";
			sourceTree = "<group>";
		};
		F1AA46952A0B07A600CBA32E /* Rectangle */ = {
			isa = PBXGroup;
			children = (
				F1AA46962A0B07E900CBA32E /* RoundedRectangleView.swift */,
				F1AA469B2A0B09C800CBA32E /* RectangleImageView.swift */,
			);
			path = Rectangle;
			sourceTree = "<group>";
		};
		F1AA46982A0B082E00CBA32E /* Image */ = {
			isa = PBXGroup;
			children = (
				F1AA46992A0B083B00CBA32E /* ImageView.swift */,
			);
			path = Image;
			sourceTree = "<group>";
		};
		F1FAF46C2A09268100C129F8 /* Features */ = {
			isa = PBXGroup;
			children = (
				F1FAF47C2A09284800C129F8 /* FavList */,
				F1FAF47B2A09283E00C129F8 /* Musics */,
				F1FAF47A2A09283200C129F8 /* Tab */,
			);
			path = Features;
			sourceTree = "<group>";
		};
		F1FAF46D2A09269300C129F8 /* Products */ = {
			isa = PBXGroup;
			children = (
				F1019C5A2A0998C60098FF3C /* Components */,
				F1019C542A09512B0098FF3C /* ViewModels */,
				F1019C4B2A094EE00098FF3C /* Services */,
				F1019C482A094EB30098FF3C /* Models */,
				F1FAF4702A09272300C129F8 /* Constants */,
			);
			path = Products;
			sourceTree = "<group>";
		};
		F1FAF46E2A09269B00C129F8 /* Resources */ = {
			isa = PBXGroup;
			children = (
			);
			path = Resources;
			sourceTree = "<group>";
		};
		F1FAF46F2A0926A800C129F8 /* Utils */ = {
			isa = PBXGroup;
			children = (
				F1FAF47F2A092F3D00C129F8 /* Enums */,
				F1FAF4742A09278500C129F8 /* Locale */,
				F1FAF4712A09274800C129F8 /* Extensions */,
			);
			path = Utils;
			sourceTree = "<group>";
		};
		F1FAF4702A09272300C129F8 /* Constants */ = {
			isa = PBXGroup;
			children = (
				F1019C352A093E390098FF3C /* CornerRadius.swift */,
				F1019C392A0946E50098FF3C /* HeightSize.swift */,
				F1019C3B2A0947E40098FF3C /* DurationConstants.swift */,
				F1019C412A09492C0098FF3C /* ScaleConstants.swift */,
				F1019C432A0949880098FF3C /* ColorConstants.swift */,
				F1019C502A0950A10098FF3C /* StringConstants.swift */,
				F1AA468F2A0B02BA00CBA32E /* PaddingConstants.swift */,
				F1AA46912A0B03AB00CBA32E /* SpacerConstants.swift */,
				F1AA46932A0B071D00CBA32E /* WidthSize.swift */,
				F1AA469D2A0B0B7200CBA32E /* SpacingConstants.swift */,
			);
			path = Constants;
			sourceTree = "<group>";
		};
		F1FAF4712A09274800C129F8 /* Extensions */ = {
			isa = PBXGroup;
			children = (
				F1FAF4722A09275A00C129F8 /* DynamicValue+GeometryProxy.swift */,
				F1019C522A0951100098FF3C /* Logging+AFError.swift */,
				F1019C602A099D8D0098FF3C /* String+ToLocalize.swift */,
				F11BDB782A09B1B200D94977 /* SpecificCorners+CornerRadius.swift */,
			);
			path = Extensions;
			sourceTree = "<group>";
		};
		F1FAF4742A09278500C129F8 /* Locale */ = {
			isa = PBXGroup;
			children = (
				F1FAF4792A0927A600C129F8 /* Localizable.strings */,
				F1019C5E2A099D180098FF3C /* LocaleKeys.swift */,
			);
			path = Locale;
			sourceTree = "<group>";
		};
		F1FAF47A2A09283200C129F8 /* Tab */ = {
			isa = PBXGroup;
			children = (
				F1FAF47D2A09286300C129F8 /* CustomTabBarView.swift */,
				F1019C372A0946230098FF3C /* TabBarView.swift */,
			);
			path = Tab;
			sourceTree = "<group>";
		};
		F1FAF47B2A09283E00C129F8 /* Musics */ = {
			isa = PBXGroup;
			children = (
				F1019C3D2A0948D00098FF3C /* CategoryView.swift */,
			);
			path = Musics;
			sourceTree = "<group>";
		};
		F1FAF47C2A09284800C129F8 /* FavList */ = {
			isa = PBXGroup;
			children = (
				F1019C3F2A0948E10098FF3C /* FavoriteListView.swift */,
			);
			path = FavList;
			sourceTree = "<group>";
		};
		F1FAF47F2A092F3D00C129F8 /* Enums */ = {
			isa = PBXGroup;
			children = (
				F1FAF4802A092F4800C129F8 /* TabEnum.swift */,
			);
			path = Enums;
			sourceTree = "<group>";
		};
/* End PBXGroup section */

/* Begin PBXNativeTarget section */
		F11B40932A09242E00218869 /* AppcentDeezerCase */ = {
			isa = PBXNativeTarget;
			buildConfigurationList = F11B40A32A09242F00218869 /* Build configuration list for PBXNativeTarget "AppcentDeezerCase" */;
			buildPhases = (
				F11B40902A09242E00218869 /* Sources */,
				F11B40912A09242E00218869 /* Frameworks */,
				F11B40922A09242E00218869 /* Resources */,
			);
			buildRules = (
			);
			dependencies = (
			);
			name = AppcentDeezerCase;
			packageProductDependencies = (
				F1019C462A094DA30098FF3C /* Alamofire */,
				F1019C582A0953430098FF3C /* Logging */,
				F1019C662A09A8280098FF3C /* Kingfisher */,
			);
			productName = AppcentDeezerCase;
			productReference = F11B40942A09242E00218869 /* AppcentDeezerCase.app */;
			productType = "com.apple.product-type.application";
		};
/* End PBXNativeTarget section */

/* Begin PBXProject section */
		F11B408C2A09242E00218869 /* Project object */ = {
			isa = PBXProject;
			attributes = {
				BuildIndependentTargetsInParallel = 1;
				LastSwiftUpdateCheck = 1430;
				LastUpgradeCheck = 1430;
				TargetAttributes = {
					F11B40932A09242E00218869 = {
						CreatedOnToolsVersion = 14.3;
					};
				};
			};
			buildConfigurationList = F11B408F2A09242E00218869 /* Build configuration list for PBXProject "AppcentDeezerCase" */;
			compatibilityVersion = "Xcode 14.0";
			developmentRegion = en;
			hasScannedForEncodings = 0;
			knownRegions = (
				en,
				Base,
				tr,
			);
			mainGroup = F11B408B2A09242E00218869;
			packageReferences = (
				F1019C452A094DA30098FF3C /* XCRemoteSwiftPackageReference "Alamofire" */,
				F1019C572A0953430098FF3C /* XCRemoteSwiftPackageReference "swift-log" */,
				F1019C652A09A8280098FF3C /* XCRemoteSwiftPackageReference "Kingfisher" */,
			);
			productRefGroup = F11B40952A09242E00218869 /* Products */;
			projectDirPath = "";
			projectRoot = "";
			targets = (
				F11B40932A09242E00218869 /* AppcentDeezerCase */,
			);
		};
/* End PBXProject section */

/* Begin PBXResourcesBuildPhase section */
		F11B40922A09242E00218869 /* Resources */ = {
			isa = PBXResourcesBuildPhase;
			buildActionMask = 2147483647;
			files = (
				F11B40A02A09242F00218869 /* Preview Assets.xcassets in Resources */,
				F1FAF4772A0927A600C129F8 /* Localizable.strings in Resources */,
				F11B409C2A09242F00218869 /* Assets.xcassets in Resources */,
			);
			runOnlyForDeploymentPostprocessing = 0;
		};
/* End PBXResourcesBuildPhase section */

/* Begin PBXSourcesBuildPhase section */
		F11B40902A09242E00218869 /* Sources */ = {
			isa = PBXSourcesBuildPhase;
			buildActionMask = 2147483647;
			files = (
				F1FAF4812A092F4800C129F8 /* TabEnum.swift in Sources */,
				F1AA46942A0B071D00CBA32E /* WidthSize.swift in Sources */,
				F1FAF4732A09275A00C129F8 /* DynamicValue+GeometryProxy.swift in Sources */,
				F1AA46902A0B02BA00CBA32E /* PaddingConstants.swift in Sources */,
				F1019C382A0946230098FF3C /* TabBarView.swift in Sources */,
				F1019C532A0951100098FF3C /* Logging+AFError.swift in Sources */,
				F1019C4D2A094FE80098FF3C /* CategoryService.swift in Sources */,
				F1019C442A0949880098FF3C /* ColorConstants.swift in Sources */,
				F1AA46972A0B07E900CBA32E /* RoundedRectangleView.swift in Sources */,
				F1019C3E2A0948D00098FF3C /* CategoryView.swift in Sources */,
				F1019C362A093E390098FF3C /* CornerRadius.swift in Sources */,
				F1019C562A0951470098FF3C /* CategoryViewModel.swift in Sources */,
				F1019C4A2A094EC30098FF3C /* CategoryModel.swift in Sources */,
				F1AA46922A0B03AB00CBA32E /* SpacerConstants.swift in Sources */,
				F1019C612A099D8D0098FF3C /* String+ToLocalize.swift in Sources */,
				F11BDB792A09B1B200D94977 /* SpecificCorners+CornerRadius.swift in Sources */,
				F1019C512A0950A10098FF3C /* StringConstants.swift in Sources */,
				F1019C5D2A0998FB0098FF3C /* CircleProgressView.swift in Sources */,
				F1019C3A2A0946E50098FF3C /* HeightSize.swift in Sources */,
				F1019C402A0948E10098FF3C /* FavoriteListView.swift in Sources */,
				F1019C422A09492C0098FF3C /* ScaleConstants.swift in Sources */,
				F1FAF47E2A09286300C129F8 /* CustomTabBarView.swift in Sources */,
				F1019C5F2A099D180098FF3C /* LocaleKeys.swift in Sources */,
				F1019C642A09A6EF0098FF3C /* Title3BoldPinkText.swift in Sources */,
				F1AA469E2A0B0B7200CBA32E /* SpacingConstants.swift in Sources */,
				F1AA469A2A0B083B00CBA32E /* ImageView.swift in Sources */,
				F11B40982A09242E00218869 /* AppcentDeezerCaseApp.swift in Sources */,
				F1AA469C2A0B09C800CBA32E /* RectangleImageView.swift in Sources */,
				F1019C3C2A0947E40098FF3C /* DurationConstants.swift in Sources */,
			);
			runOnlyForDeploymentPostprocessing = 0;
		};
/* End PBXSourcesBuildPhase section */

/* Begin PBXVariantGroup section */
		F1FAF4792A0927A600C129F8 /* Localizable.strings */ = {
			isa = PBXVariantGroup;
			children = (
				F1FAF4782A0927A600C129F8 /* tr */,
			);
			name = Localizable.strings;
			sourceTree = "<group>";
		};
/* End PBXVariantGroup section */

/* Begin XCBuildConfiguration section */
		F11B40A12A09242F00218869 /* Debug */ = {
			isa = XCBuildConfiguration;
			buildSettings = {
				ALWAYS_SEARCH_USER_PATHS = NO;
				CLANG_ANALYZER_NONNULL = YES;
				CLANG_ANALYZER_NUMBER_OBJECT_CONVERSION = YES_AGGRESSIVE;
				CLANG_CXX_LANGUAGE_STANDARD = "gnu++20";
				CLANG_ENABLE_MODULES = YES;
				CLANG_ENABLE_OBJC_ARC = YES;
				CLANG_ENABLE_OBJC_WEAK = YES;
				CLANG_WARN_BLOCK_CAPTURE_AUTORELEASING = YES;
				CLANG_WARN_BOOL_CONVERSION = YES;
				CLANG_WARN_COMMA = YES;
				CLANG_WARN_CONSTANT_CONVERSION = YES;
				CLANG_WARN_DEPRECATED_OBJC_IMPLEMENTATIONS = YES;
				CLANG_WARN_DIRECT_OBJC_ISA_USAGE = YES_ERROR;
				CLANG_WARN_DOCUMENTATION_COMMENTS = YES;
				CLANG_WARN_EMPTY_BODY = YES;
				CLANG_WARN_ENUM_CONVERSION = YES;
				CLANG_WARN_INFINITE_RECURSION = YES;
				CLANG_WARN_INT_CONVERSION = YES;
				CLANG_WARN_NON_LITERAL_NULL_CONVERSION = YES;
				CLANG_WARN_OBJC_IMPLICIT_RETAIN_SELF = YES;
				CLANG_WARN_OBJC_LITERAL_CONVERSION = YES;
				CLANG_WARN_OBJC_ROOT_CLASS = YES_ERROR;
				CLANG_WARN_QUOTED_INCLUDE_IN_FRAMEWORK_HEADER = YES;
				CLANG_WARN_RANGE_LOOP_ANALYSIS = YES;
				CLANG_WARN_STRICT_PROTOTYPES = YES;
				CLANG_WARN_SUSPICIOUS_MOVE = YES;
				CLANG_WARN_UNGUARDED_AVAILABILITY = YES_AGGRESSIVE;
				CLANG_WARN_UNREACHABLE_CODE = YES;
				CLANG_WARN__DUPLICATE_METHOD_MATCH = YES;
				COPY_PHASE_STRIP = NO;
				DEBUG_INFORMATION_FORMAT = dwarf;
				ENABLE_STRICT_OBJC_MSGSEND = YES;
				ENABLE_TESTABILITY = YES;
				GCC_C_LANGUAGE_STANDARD = gnu11;
				GCC_DYNAMIC_NO_PIC = NO;
				GCC_NO_COMMON_BLOCKS = YES;
				GCC_OPTIMIZATION_LEVEL = 0;
				GCC_PREPROCESSOR_DEFINITIONS = (
					"DEBUG=1",
					"$(inherited)",
				);
				GCC_WARN_64_TO_32_BIT_CONVERSION = YES;
				GCC_WARN_ABOUT_RETURN_TYPE = YES_ERROR;
				GCC_WARN_UNDECLARED_SELECTOR = YES;
				GCC_WARN_UNINITIALIZED_AUTOS = YES_AGGRESSIVE;
				GCC_WARN_UNUSED_FUNCTION = YES;
				GCC_WARN_UNUSED_VARIABLE = YES;
				MTL_ENABLE_DEBUG_INFO = INCLUDE_SOURCE;
				MTL_FAST_MATH = YES;
				ONLY_ACTIVE_ARCH = YES;
				SWIFT_ACTIVE_COMPILATION_CONDITIONS = DEBUG;
				SWIFT_OPTIMIZATION_LEVEL = "-Onone";
			};
			name = Debug;
		};
		F11B40A22A09242F00218869 /* Release */ = {
			isa = XCBuildConfiguration;
			buildSettings = {
				ALWAYS_SEARCH_USER_PATHS = NO;
				CLANG_ANALYZER_NONNULL = YES;
				CLANG_ANALYZER_NUMBER_OBJECT_CONVERSION = YES_AGGRESSIVE;
				CLANG_CXX_LANGUAGE_STANDARD = "gnu++20";
				CLANG_ENABLE_MODULES = YES;
				CLANG_ENABLE_OBJC_ARC = YES;
				CLANG_ENABLE_OBJC_WEAK = YES;
				CLANG_WARN_BLOCK_CAPTURE_AUTORELEASING = YES;
				CLANG_WARN_BOOL_CONVERSION = YES;
				CLANG_WARN_COMMA = YES;
				CLANG_WARN_CONSTANT_CONVERSION = YES;
				CLANG_WARN_DEPRECATED_OBJC_IMPLEMENTATIONS = YES;
				CLANG_WARN_DIRECT_OBJC_ISA_USAGE = YES_ERROR;
				CLANG_WARN_DOCUMENTATION_COMMENTS = YES;
				CLANG_WARN_EMPTY_BODY = YES;
				CLANG_WARN_ENUM_CONVERSION = YES;
				CLANG_WARN_INFINITE_RECURSION = YES;
				CLANG_WARN_INT_CONVERSION = YES;
				CLANG_WARN_NON_LITERAL_NULL_CONVERSION = YES;
				CLANG_WARN_OBJC_IMPLICIT_RETAIN_SELF = YES;
				CLANG_WARN_OBJC_LITERAL_CONVERSION = YES;
				CLANG_WARN_OBJC_ROOT_CLASS = YES_ERROR;
				CLANG_WARN_QUOTED_INCLUDE_IN_FRAMEWORK_HEADER = YES;
				CLANG_WARN_RANGE_LOOP_ANALYSIS = YES;
				CLANG_WARN_STRICT_PROTOTYPES = YES;
				CLANG_WARN_SUSPICIOUS_MOVE = YES;
				CLANG_WARN_UNGUARDED_AVAILABILITY = YES_AGGRESSIVE;
				CLANG_WARN_UNREACHABLE_CODE = YES;
				CLANG_WARN__DUPLICATE_METHOD_MATCH = YES;
				COPY_PHASE_STRIP = NO;
				DEBUG_INFORMATION_FORMAT = "dwarf-with-dsym";
				ENABLE_NS_ASSERTIONS = NO;
				ENABLE_STRICT_OBJC_MSGSEND = YES;
				GCC_C_LANGUAGE_STANDARD = gnu11;
				GCC_NO_COMMON_BLOCKS = YES;
				GCC_WARN_64_TO_32_BIT_CONVERSION = YES;
				GCC_WARN_ABOUT_RETURN_TYPE = YES_ERROR;
				GCC_WARN_UNDECLARED_SELECTOR = YES;
				GCC_WARN_UNINITIALIZED_AUTOS = YES_AGGRESSIVE;
				GCC_WARN_UNUSED_FUNCTION = YES;
				GCC_WARN_UNUSED_VARIABLE = YES;
				MTL_ENABLE_DEBUG_INFO = NO;
				MTL_FAST_MATH = YES;
				SWIFT_COMPILATION_MODE = wholemodule;
				SWIFT_OPTIMIZATION_LEVEL = "-O";
			};
			name = Release;
		};
		F11B40A42A09242F00218869 /* Debug */ = {
			isa = XCBuildConfiguration;
			buildSettings = {
				ASSETCATALOG_COMPILER_APPICON_NAME = AppIcon;
				ASSETCATALOG_COMPILER_GLOBAL_ACCENT_COLOR_NAME = AccentColor;
				CODE_SIGN_ENTITLEMENTS = AppcentDeezerCase/AppcentDeezerCase.entitlements;
				CODE_SIGN_STYLE = Automatic;
				CURRENT_PROJECT_VERSION = 1;
				DEVELOPMENT_ASSET_PATHS = "\"AppcentDeezerCase/Preview Content\"";
				ENABLE_PREVIEWS = YES;
				GENERATE_INFOPLIST_FILE = YES;
				"INFOPLIST_KEY_UIApplicationSceneManifest_Generation[sdk=iphoneos*]" = YES;
				"INFOPLIST_KEY_UIApplicationSceneManifest_Generation[sdk=iphonesimulator*]" = YES;
				"INFOPLIST_KEY_UIApplicationSupportsIndirectInputEvents[sdk=iphoneos*]" = YES;
				"INFOPLIST_KEY_UIApplicationSupportsIndirectInputEvents[sdk=iphonesimulator*]" = YES;
				"INFOPLIST_KEY_UILaunchScreen_Generation[sdk=iphoneos*]" = YES;
				"INFOPLIST_KEY_UILaunchScreen_Generation[sdk=iphonesimulator*]" = YES;
				"INFOPLIST_KEY_UIStatusBarStyle[sdk=iphoneos*]" = UIStatusBarStyleDefault;
				"INFOPLIST_KEY_UIStatusBarStyle[sdk=iphonesimulator*]" = UIStatusBarStyleDefault;
				INFOPLIST_KEY_UISupportedInterfaceOrientations_iPad = "UIInterfaceOrientationPortrait UIInterfaceOrientationPortraitUpsideDown UIInterfaceOrientationLandscapeLeft UIInterfaceOrientationLandscapeRight";
				INFOPLIST_KEY_UISupportedInterfaceOrientations_iPhone = "UIInterfaceOrientationPortrait UIInterfaceOrientationLandscapeLeft UIInterfaceOrientationLandscapeRight";
				IPHONEOS_DEPLOYMENT_TARGET = 16.4;
				LD_RUNPATH_SEARCH_PATHS = "@executable_path/Frameworks";
				"LD_RUNPATH_SEARCH_PATHS[sdk=macosx*]" = "@executable_path/../Frameworks";
				MACOSX_DEPLOYMENT_TARGET = 13.3;
				MARKETING_VERSION = 1.0;
				PRODUCT_BUNDLE_IDENTIFIER = com.archeva.AppcentDeezerCase;
				PRODUCT_NAME = "$(TARGET_NAME)";
				SDKROOT = auto;
				SUPPORTED_PLATFORMS = "iphoneos iphonesimulator macosx";
				SWIFT_EMIT_LOC_STRINGS = YES;
				SWIFT_VERSION = 5.0;
				TARGETED_DEVICE_FAMILY = "1,2";
			};
			name = Debug;
		};
		F11B40A52A09242F00218869 /* Release */ = {
			isa = XCBuildConfiguration;
			buildSettings = {
				ASSETCATALOG_COMPILER_APPICON_NAME = AppIcon;
				ASSETCATALOG_COMPILER_GLOBAL_ACCENT_COLOR_NAME = AccentColor;
				CODE_SIGN_ENTITLEMENTS = AppcentDeezerCase/AppcentDeezerCase.entitlements;
				CODE_SIGN_STYLE = Automatic;
				CURRENT_PROJECT_VERSION = 1;
				DEVELOPMENT_ASSET_PATHS = "\"AppcentDeezerCase/Preview Content\"";
				ENABLE_PREVIEWS = YES;
				GENERATE_INFOPLIST_FILE = YES;
				"INFOPLIST_KEY_UIApplicationSceneManifest_Generation[sdk=iphoneos*]" = YES;
				"INFOPLIST_KEY_UIApplicationSceneManifest_Generation[sdk=iphonesimulator*]" = YES;
				"INFOPLIST_KEY_UIApplicationSupportsIndirectInputEvents[sdk=iphoneos*]" = YES;
				"INFOPLIST_KEY_UIApplicationSupportsIndirectInputEvents[sdk=iphonesimulator*]" = YES;
				"INFOPLIST_KEY_UILaunchScreen_Generation[sdk=iphoneos*]" = YES;
				"INFOPLIST_KEY_UILaunchScreen_Generation[sdk=iphonesimulator*]" = YES;
				"INFOPLIST_KEY_UIStatusBarStyle[sdk=iphoneos*]" = UIStatusBarStyleDefault;
				"INFOPLIST_KEY_UIStatusBarStyle[sdk=iphonesimulator*]" = UIStatusBarStyleDefault;
				INFOPLIST_KEY_UISupportedInterfaceOrientations_iPad = "UIInterfaceOrientationPortrait UIInterfaceOrientationPortraitUpsideDown UIInterfaceOrientationLandscapeLeft UIInterfaceOrientationLandscapeRight";
				INFOPLIST_KEY_UISupportedInterfaceOrientations_iPhone = "UIInterfaceOrientationPortrait UIInterfaceOrientationLandscapeLeft UIInterfaceOrientationLandscapeRight";
				IPHONEOS_DEPLOYMENT_TARGET = 16.4;
				LD_RUNPATH_SEARCH_PATHS = "@executable_path/Frameworks";
				"LD_RUNPATH_SEARCH_PATHS[sdk=macosx*]" = "@executable_path/../Frameworks";
				MACOSX_DEPLOYMENT_TARGET = 13.3;
				MARKETING_VERSION = 1.0;
				PRODUCT_BUNDLE_IDENTIFIER = com.archeva.AppcentDeezerCase;
				PRODUCT_NAME = "$(TARGET_NAME)";
				SDKROOT = auto;
				SUPPORTED_PLATFORMS = "iphoneos iphonesimulator macosx";
				SWIFT_EMIT_LOC_STRINGS = YES;
				SWIFT_VERSION = 5.0;
				TARGETED_DEVICE_FAMILY = "1,2";
			};
			name = Release;
		};
/* End XCBuildConfiguration section */

/* Begin XCConfigurationList section */
		F11B408F2A09242E00218869 /* Build configuration list for PBXProject "AppcentDeezerCase" */ = {
			isa = XCConfigurationList;
			buildConfigurations = (
				F11B40A12A09242F00218869 /* Debug */,
				F11B40A22A09242F00218869 /* Release */,
			);
			defaultConfigurationIsVisible = 0;
			defaultConfigurationName = Release;
		};
		F11B40A32A09242F00218869 /* Build configuration list for PBXNativeTarget "AppcentDeezerCase" */ = {
			isa = XCConfigurationList;
			buildConfigurations = (
				F11B40A42A09242F00218869 /* Debug */,
				F11B40A52A09242F00218869 /* Release */,
			);
			defaultConfigurationIsVisible = 0;
			defaultConfigurationName = Release;
		};
/* End XCConfigurationList section */

/* Begin XCRemoteSwiftPackageReference section */
		F1019C452A094DA30098FF3C /* XCRemoteSwiftPackageReference "Alamofire" */ = {
			isa = XCRemoteSwiftPackageReference;
			repositoryURL = "https://github.com/Alamofire/Alamofire";
			requirement = {
				kind = upToNextMajorVersion;
				minimumVersion = 5.0.0;
			};
		};
		F1019C572A0953430098FF3C /* XCRemoteSwiftPackageReference "swift-log" */ = {
			isa = XCRemoteSwiftPackageReference;
			repositoryURL = "https://github.com/apple/swift-log";
			requirement = {
				kind = upToNextMajorVersion;
				minimumVersion = 1.0.0;
			};
		};
		F1019C652A09A8280098FF3C /* XCRemoteSwiftPackageReference "Kingfisher" */ = {
			isa = XCRemoteSwiftPackageReference;
			repositoryURL = "https://github.com/onevcat/Kingfisher.git";
			requirement = {
				kind = upToNextMajorVersion;
				minimumVersion = 7.0.0;
			};
		};
/* End XCRemoteSwiftPackageReference section */

/* Begin XCSwiftPackageProductDependency section */
		F1019C462A094DA30098FF3C /* Alamofire */ = {
			isa = XCSwiftPackageProductDependency;
			package = F1019C452A094DA30098FF3C /* XCRemoteSwiftPackageReference "Alamofire" */;
			productName = Alamofire;
		};
		F1019C582A0953430098FF3C /* Logging */ = {
			isa = XCSwiftPackageProductDependency;
			package = F1019C572A0953430098FF3C /* XCRemoteSwiftPackageReference "swift-log" */;
			productName = Logging;
		};
		F1019C662A09A8280098FF3C /* Kingfisher */ = {
			isa = XCSwiftPackageProductDependency;
			package = F1019C652A09A8280098FF3C /* XCRemoteSwiftPackageReference "Kingfisher" */;
			productName = Kingfisher;
		};
/* End XCSwiftPackageProductDependency section */
	};
	rootObject = F11B408C2A09242E00218869 /* Project object */;
}
